// !$*UTF8*$!
{
	archiveVersion = 1;
	classes = {
	};
	objectVersion = 50;
	objects = {

/* Begin PBXBuildFile section */
		D8CB616326B3AA790015AA66 /* AppDelegate.swift in Sources */ = {isa = PBXBuildFile; fileRef = D8CB616226B3AA790015AA66 /* AppDelegate.swift */; };
		D8CB616526B3AA790015AA66 /* SceneDelegate.swift in Sources */ = {isa = PBXBuildFile; fileRef = D8CB616426B3AA790015AA66 /* SceneDelegate.swift */; };
		D8CB616726B3AA790015AA66 /* ViewController.swift in Sources */ = {isa = PBXBuildFile; fileRef = D8CB616626B3AA790015AA66 /* ViewController.swift */; };
		D8CB616A26B3AA790015AA66 /* Main.storyboard in Resources */ = {isa = PBXBuildFile; fileRef = D8CB616826B3AA790015AA66 /* Main.storyboard */; };
		D8CB616C26B3AA7E0015AA66 /* Assets.xcassets in Resources */ = {isa = PBXBuildFile; fileRef = D8CB616B26B3AA7E0015AA66 /* Assets.xcassets */; };
		D8CB616F26B3AA7E0015AA66 /* LaunchScreen.storyboard in Resources */ = {isa = PBXBuildFile; fileRef = D8CB616D26B3AA7E0015AA66 /* LaunchScreen.storyboard */; };
		D8CB617726B3B1610015AA66 /* sample.pdf in Resources */ = {isa = PBXBuildFile; fileRef = D8CB617626B3B1610015AA66 /* sample.pdf */; };
/* End PBXBuildFile section */

/* Begin PBXFileReference section */
		D8CB615F26B3AA790015AA66 /* emailWithPdf.app */ = {isa = PBXFileReference; explicitFileType = wrapper.application; includeInIndex = 0; path = emailWithPdf.app; sourceTree = BUILT_PRODUCTS_DIR; };
		D8CB616226B3AA790015AA66 /* AppDelegate.swift */ = {isa = PBXFileReference; lastKnownFileType = sourcecode.swift; path = AppDelegate.swift; sourceTree = "<group>"; };
		D8CB616426B3AA790015AA66 /* SceneDelegate.swift */ = {isa = PBXFileReference; lastKnownFileType = sourcecode.swift; path = SceneDelegate.swift; sourceTree = "<group>"; };
		D8CB616626B3AA790015AA66 /* ViewController.swift */ = {isa = PBXFileReference; lastKnownFileType = sourcecode.swift; path = ViewController.swift; sourceTree = "<group>"; };
		D8CB616926B3AA790015AA66 /* Base */ = {isa = PBXFileReference; lastKnownFileType = file.storyboard; name = Base; path = Base.lproj/Main.storyboard; sourceTree = "<group>"; };
		D8CB616B26B3AA7E0015AA66 /* Assets.xcassets */ = {isa = PBXFileReference; lastKnownFileType = folder.assetcatalog; path = Assets.xcassets; sourceTree = "<group>"; };
		D8CB616E26B3AA7E0015AA66 /* Base */ = {isa = PBXFileReference; lastKnownFileType = file.storyboard; name = Base; path = Base.lproj/LaunchScreen.storyboard; sourceTree = "<group>"; };
		D8CB617026B3AA7E0015AA66 /* Info.plist */ = {isa = PBXFileReference; lastKnownFileType = text.plist.xml; path = Info.plist; sourceTree = "<group>"; };
		D8CB617626B3B1610015AA66 /* sample.pdf */ = {isa = PBXFileReference; lastKnownFileType = image.pdf; path = sample.pdf; sourceTree = "<group>"; };
/* End PBXFileReference section */

/* Begin PBXFrameworksBuildPhase section */
		D8CB615C26B3AA790015AA66 /* Frameworks */ = {
			isa = PBXFrameworksBuildPhase;
			buildActionMask = 2147483647;
			files = (
			);
			runOnlyForDeploymentPostprocessing = 0;
		};
/* End PBXFrameworksBuildPhase section */

/* Begin PBXGroup section */
		D8CB615626B3AA780015AA66 = {
			isa = PBXGroup;
			children = (
				D8CB616126B3AA790015AA66 /* emailWithPdf */,
				D8CB616026B3AA790015AA66 /* Products */,
			);
			sourceTree = "<group>";
		};
		D8CB616026B3AA790015AA66 /* Products */ = {
			isa = PBXGroup;
			children = (
				D8CB615F26B3AA790015AA66 /* emailWithPdf.app */,
			);
			name = Products;
			sourceTree = "<group>";
		};
		D8CB616126B3AA790015AA66 /* emailWithPdf */ = {
			isa = PBXGroup;
			children = (
				D8CB616226B3AA790015AA66 /* AppDelegate.swift */,
				D8CB616426B3AA790015AA66 /* SceneDelegate.swift */,
				D8CB617626B3B1610015AA66 /* sample.pdf */,
				D8CB616626B3AA790015AA66 /* ViewController.swift */,
				D8CB616826B3AA790015AA66 /* Main.storyboard */,
				D8CB616B26B3AA7E0015AA66 /* Assets.xcassets */,
				D8CB616D26B3AA7E0015AA66 /* LaunchScreen.storyboard */,
				D8CB617026B3AA7E0015AA66 /* Info.plist */,
			);
			path = emailWithPdf;
			sourceTree = "<group>";
		};
/* End PBXGroup section */

/* Begin PBXNativeTarget section */
		D8CB615E26B3AA790015AA66 /* emailWithPdf */ = {
			isa = PBXNativeTarget;
			buildConfigurationList = D8CB617326B3AA7E0015AA66 /* Build configuration list for PBXNativeTarget "emailWithPdf" */;
			buildPhases = (
				D8CB615B26B3AA790015AA66 /* Sources */,
				D8CB615C26B3AA790015AA66 /* Frameworks */,
				D8CB615D26B3AA790015AA66 /* Resources */,
			);
			buildRules = (
			);
			dependencies = (
			);
			name = emailWithPdf;
			productName = emailWithPdf;
			productReference = D8CB615F26B3AA790015AA66 /* emailWithPdf.app */;
			productType = "com.apple.product-type.application";
		};
/* End PBXNativeTarget section */

/* Begin PBXProject section */
		D8CB615726B3AA780015AA66 /* Project object */ = {
			isa = PBXProject;
			attributes = {
				LastSwiftUpdateCheck = 1250;
				LastUpgradeCheck = 1250;
				TargetAttributes = {
					D8CB615E26B3AA790015AA66 = {
						CreatedOnToolsVersion = 12.5;
					};
				};
			};
			buildConfigurationList = D8CB615A26B3AA790015AA66 /* Build configuration list for PBXProject "emailWithPdf" */;
			compatibilityVersion = "Xcode 9.3";
			developmentRegion = en;
			hasScannedForEncodings = 0;
			knownRegions = (
				en,
				Base,
			);
			mainGroup = D8CB615626B3AA780015AA66;
			productRefGroup = D8CB616026B3AA790015AA66 /* Products */;
			projectDirPath = "";
			projectRoot = "";
			targets = (
				D8CB615E26B3AA790015AA66 /* emailWithPdf */,
			);
		};
/* End PBXProject section */

/* Begin PBXResourcesBuildPhase section */
		D8CB615D26B3AA790015AA66 /* Resources */ = {
			isa = PBXResourcesBuildPhase;
			buildActionMask = 2147483647;
			files = (
				D8CB617726B3B1610015AA66 /* sample.pdf in Resources */,
				D8CB616F26B3AA7E0015AA66 /* LaunchScreen.storyboard in Resources */,
				D8CB616C26B3AA7E0015AA66 /* Assets.xcassets in Resources */,
				D8CB616A26B3AA790015AA66 /* Main.storyboard in Resources */,
			);
			runOnlyForDeploymentPostprocessing = 0;
		};
/* End PBXResourcesBuildPhase section */

/* Begin PBXSourcesBuildPhase section */
		D8CB615B26B3AA790015AA66 /* Sources */ = {
			isa = PBXSourcesBuildPhase;
			buildActionMask = 2147483647;
			files = (
				D8CB616726B3AA790015AA66 /* ViewController.swift in Sources */,
				D8CB616326B3AA790015AA66 /* AppDelegate.swift in Sources */,
				D8CB616526B3AA790015AA66 /* SceneDelegate.swift in Sources */,
			);
			runOnlyForDeploymentPostprocessing = 0;
		};
/* End PBXSourcesBuildPhase section */

/* Begin PBXVariantGroup section */
		D8CB616826B3AA790015AA66 /* Main.storyboard */ = {
			isa = PBXVariantGroup;
			children = (
				D8CB616926B3AA790015AA66 /* Base */,
			);
			name = Main.storyboard;
			sourceTree = "<group>";
		};
		D8CB616D26B3AA7E0015AA66 /* LaunchScreen.storyboard */ = {
			isa = PBXVariantGroup;
			children = (
				D8CB616E26B3AA7E0015AA66 /* Base */,
			);
			name = LaunchScreen.storyboard;
			sourceTree = "<group>";
		};
/* End PBXVariantGroup section */

/* Begin XCBuildConfiguration section */
		D8CB617126B3AA7E0015AA66 /* Debug */ = {
			isa = XCBuildConfiguration;
			buildSettings = {
				ALWAYS_SEARCH_USER_PATHS = NO;
				CLANG_ANALYZER_NONNULL = YES;
				CLANG_ANALYZER_NUMBER_OBJECT_CONVERSION = YES_AGGRESSIVE;
				CLANG_CXX_LANGUAGE_STANDARD = "gnu++14";
				CLANG_CXX_LIBRARY = "libc++";
				CLANG_ENABLE_MODULES = YES;
				CLANG_ENABLE_OBJC_ARC = YES;
				CLANG_ENABLE_OBJC_WEAK = YES;
				CLANG_WARN_BLOCK_CAPTURE_AUTORELEASING = YES;
				CLANG_WARN_BOOL_CONVERSION = YES;
				CLANG_WARN_COMMA = YES;
				CLANG_WARN_CONSTANT_CONVERSION = YES;
				CLANG_WARN_DEPRECATED_OBJC_IMPLEMENTATIONS = YES;
				CLANG_WARN_DIRECT_OBJC_ISA_USAGE = YES_ERROR;
				CLANG_WARN_DOCUMENTATION_COMMENTS = YES;
				CLANG_WARN_EMPTY_BODY = YES;
				CLANG_WARN_ENUM_CONVERSION = YES;
				CLANG_WARN_INFINITE_RECURSION = YES;
				CLANG_WARN_INT_CONVERSION = YES;
				CLANG_WARN_NON_LITERAL_NULL_CONVERSION = YES;
				CLANG_WARN_OBJC_IMPLICIT_RETAIN_SELF = YES;
				CLANG_WARN_OBJC_LITERAL_CONVERSION = YES;
				CLANG_WARN_OBJC_ROOT_CLASS = YES_ERROR;
				CLANG_WARN_QUOTED_INCLUDE_IN_FRAMEWORK_HEADER = YES;
				CLANG_WARN_RANGE_LOOP_ANALYSIS = YES;
				CLANG_WARN_STRICT_PROTOTYPES = YES;
				CLANG_WARN_SUSPICIOUS_MOVE = YES;
				CLANG_WARN_UNGUARDED_AVAILABILITY = YES_AGGRESSIVE;
				CLANG_WARN_UNREACHABLE_CODE = YES;
				CLANG_WARN__DUPLICATE_METHOD_MATCH = YES;
				COPY_PHASE_STRIP = NO;
				DEBUG_INFORMATION_FORMAT = dwarf;
				ENABLE_STRICT_OBJC_MSGSEND = YES;
				ENABLE_TESTABILITY = YES;
				GCC_C_LANGUAGE_STANDARD = gnu11;
				GCC_DYNAMIC_NO_PIC = NO;
				GCC_NO_COMMON_BLOCKS = YES;
				GCC_OPTIMIZATION_LEVEL = 0;
				GCC_PREPROCESSOR_DEFINITIONS = (
					"DEBUG=1",
					"$(inherited)",
				);
				GCC_WARN_64_TO_32_BIT_CONVERSION = YES;
				GCC_WARN_ABOUT_RETURN_TYPE = YES_ERROR;
				GCC_WARN_UNDECLARED_SELECTOR = YES;
				GCC_WARN_UNINITIALIZED_AUTOS = YES_AGGRESSIVE;
				GCC_WARN_UNUSED_FUNCTION = YES;
				GCC_WARN_UNUSED_VARIABLE = YES;
				IPHONEOS_DEPLOYMENT_TARGET = 14.5;
				MTL_ENABLE_DEBUG_INFO = INCLUDE_SOURCE;
				MTL_FAST_MATH = YES;
				ONLY_ACTIVE_ARCH = YES;
				SDKROOT = iphoneos;
				SWIFT_ACTIVE_COMPILATION_CONDITIONS = DEBUG;
				SWIFT_OPTIMIZATION_LEVEL = "-Onone";
			};
			name = Debug;
		};
		D8CB617226B3AA7E0015AA66 /* Release */ = {
			isa = XCBuildConfiguration;
			buildSettings = {
				ALWAYS_SEARCH_USER_PATHS = NO;
				CLANG_ANALYZER_NONNULL = YES;
				CLANG_ANALYZER_NUMBER_OBJECT_CONVERSION = YES_AGGRESSIVE;
				CLANG_CXX_LANGUAGE_STANDARD = "gnu++14";
				CLANG_CXX_LIBRARY = "libc++";
				CLANG_ENABLE_MODULES = YES;
				CLANG_ENABLE_OBJC_ARC = YES;
				CLANG_ENABLE_OBJC_WEAK = YES;
				CLANG_WARN_BLOCK_CAPTURE_AUTORELEASING = YES;
				CLANG_WARN_BOOL_CONVERSION = YES;
				CLANG_WARN_COMMA = YES;
				CLANG_WARN_CONSTANT_CONVERSION = YES;
				CLANG_WARN_DEPRECATED_OBJC_IMPLEMENTATIONS = YES;
				CLANG_WARN_DIRECT_OBJC_ISA_USAGE = YES_ERROR;
				CLANG_WARN_DOCUMENTATION_COMMENTS = YES;
				CLANG_WARN_EMPTY_BODY = YES;
				CLANG_WARN_ENUM_CONVERSION = YES;
				CLANG_WARN_INFINITE_RECURSION = YES;
				CLANG_WARN_INT_CONVERSION = YES;
				CLANG_WARN_NON_LITERAL_NULL_CONVERSION = YES;
				CLANG_WARN_OBJC_IMPLICIT_RETAIN_SELF = YES;
				CLANG_WARN_OBJC_LITERAL_CONVERSION = YES;
				CLANG_WARN_OBJC_ROOT_CLASS = YES_ERROR;
				CLANG_WARN_QUOTED_INCLUDE_IN_FRAMEWORK_HEADER = YES;
				CLANG_WARN_RANGE_LOOP_ANALYSIS = YES;
				CLANG_WARN_STRICT_PROTOTYPES = YES;
				CLANG_WARN_SUSPICIOUS_MOVE = YES;
				CLANG_WARN_UNGUARDED_AVAILABILITY = YES_AGGRESSIVE;
				CLANG_WARN_UNREACHABLE_CODE = YES;
				CLANG_WARN__DUPLICATE_METHOD_MATCH = YES;
				COPY_PHASE_STRIP = NO;
				DEBUG_INFORMATION_FORMAT = "dwarf-with-dsym";
				ENABLE_NS_ASSERTIONS = NO;
				ENABLE_STRICT_OBJC_MSGSEND = YES;
				GCC_C_LANGUAGE_STANDARD = gnu11;
				GCC_NO_COMMON_BLOCKS = YES;
				GCC_WARN_64_TO_32_BIT_CONVERSION = YES;
				GCC_WARN_ABOUT_RETURN_TYPE = YES_ERROR;
				GCC_WARN_UNDECLARED_SELECTOR = YES;
				GCC_WARN_UNINITIALIZED_AUTOS = YES_AGGRESSIVE;
				GCC_WARN_UNUSED_FUNCTION = YES;
				GCC_WARN_UNUSED_VARIABLE = YES;
				IPHONEOS_DEPLOYMENT_TARGET = 14.5;
				MTL_ENABLE_DEBUG_INFO = NO;
				MTL_FAST_MATH = YES;
				SDKROOT = iphoneos;
				SWIFT_COMPILATION_MODE = wholemodule;
				SWIFT_OPTIMIZATION_LEVEL = "-O";
				VALIDATE_PRODUCT = YES;
			};
			name = Release;
		};
		D8CB617426B3AA7E0015AA66 /* Debug */ = {
			isa = XCBuildConfiguration;
			buildSettings = {
				ASSETCATALOG_COMPILER_APPICON_NAME = AppIcon;
				ASSETCATALOG_COMPILER_GLOBAL_ACCENT_COLOR_NAME = AccentColor;
				CODE_SIGN_STYLE = Automatic;
				DEVELOPMENT_TEAM = T3YWA5D992;
				INFOPLIST_FILE = emailWithPdf/Info.plist;
				LD_RUNPATH_SEARCH_PATHS = (
					"$(inherited)",
					"@executable_path/Frameworks",
				);
				PRODUCT_BUNDLE_IDENTIFIER = net.mobile.email.emailWithPdf;
				PRODUCT_NAME = "$(TARGET_NAME)";
				SWIFT_VERSION = 5.0;
				TARGETED_DEVICE_FAMILY = "1,2";
			};
			name = Debug;
		};
		D8CB617526B3AA7E0015AA66 /* Release */ = {
			isa = XCBuildConfiguration;
			buildSettings = {
				ASSETCATALOG_COMPILER_APPICON_NAME = AppIcon;
				ASSETCATALOG_COMPILER_GLOBAL_ACCENT_COLOR_NAME = AccentColor;
				CODE_SIGN_STYLE = Automatic;
				DEVELOPMENT_TEAM = T3YWA5D992;
				INFOPLIST_FILE = emailWithPdf/Info.plist;
				LD_RUNPATH_SEARCH_PATHS = (
					"$(inherited)",
					"@executable_path/Frameworks",
				);
				PRODUCT_BUNDLE_IDENTIFIER = net.mobile.email.emailWithPdf;
				PRODUCT_NAME = "$(TARGET_NAME)";
				SWIFT_VERSION = 5.0;
				TARGETED_DEVICE_FAMILY = "1,2";
			};
			name = Release;
		};
/* End XCBuildConfiguration section */

/* Begin XCConfigurationList section */
		D8CB615A26B3AA790015AA66 /* Build configuration list for PBXProject "emailWithPdf" */ = {
			isa = XCConfigurationList;
			buildConfigurations = (
				D8CB617126B3AA7E0015AA66 /* Debug */,
				D8CB617226B3AA7E0015AA66 /* Release */,
			);
			defaultConfigurationIsVisible = 0;
			defaultConfigurationName = Release;
		};
		D8CB617326B3AA7E0015AA66 /* Build configuration list for PBXNativeTarget "emailWithPdf" */ = {
			isa = XCConfigurationList;
			buildConfigurations = (
				D8CB617426B3AA7E0015AA66 /* Debug */,
				D8CB617526B3AA7E0015AA66 /* Release */,
			);
			defaultConfigurationIsVisible = 0;
			defaultConfigurationName = Release;
		};
/* End XCConfigurationList section */
	};
	rootObject = D8CB615726B3AA780015AA66 /* Project object */;
}
